
Microsoft Visual Studio Solution File, Format Version 12.00
# Visual Studio Version 17
VisualStudioVersion = 17.2.32516.85
MinimumVisualStudioVersion = 10.0.40219.1
Project("{FAE04EC0-301F-11D3-BF4B-00C04F79EFBC}") = "mohmmad2", "Extra assignment\mohmmad2.csproj", "{B6C0A5F2-E6BA-4E5A-9E66-88D5F4128002}"
EndProject
Global
	GlobalSection(SolutionConfigurationPlatforms) = preSolution
		Debug|Any CPU = Debug|Any CPU
		Release|Any CPU = Release|Any CPU
	EndGlobalSection
	GlobalSection(ProjectConfigurationPlatforms) = postSolution
		{B6C0A5F2-E6BA-4E5A-9E66-88D5F4128002}.Debug|Any CPU.ActiveCfg = Debug|Any CPU
		{B6C0A5F2-E6BA-4E5A-9E66-88D5F4128002}.Debug|Any CPU.Build.0 = Debug|Any CPU
		{B6C0A5F2-E6BA-4E5A-9E66-88D5F4128002}.Release|Any CPU.ActiveCfg = Release|Any CPU
		{B6C0A5F2-E6BA-4E5A-9E66-88D5F4128002}.Release|Any CPU.Build.0 = Release|Any CPU
	EndGlobalSection
	GlobalSection(SolutionProperties) = preSolution
		HideSolutionNode = FALSE
	EndGlobalSection
	GlobalSection(ExtensibilityGlobals) = postSolution
		SolutionGuid = {69B7A37B-8A1B-4C1B-9737-F0DD33D495B9}
	EndGlobalSection
EndGlobal
